<?xml version="1.0" encoding="utf-8"?>
<Project ToolsVersion="4.0" xmlns="http://schemas.microsoft.com/developer/msbuild/2003">
  <ItemGroup>
    <Filter Include="Source Files">
      <UniqueIdentifier>{4FC737F1-C7A5-4376-A066-2A32D752A2FF}</UniqueIdentifier>
      <Extensions>cpp;c;cc;cxx;def;odl;idl;hpj;bat;asm;asmx</Extensions>
    </Filter>
    <Filter Include="Header Files">
      <UniqueIdentifier>{93995380-89BD-4b04-88EB-625FBE52EBFB}</UniqueIdentifier>
      <Extensions>h;hh;hpp;hxx;hm;inl;inc;ipp;xsd</Extensions>
    </Filter>
    <Filter Include="Resource Files">
      <UniqueIdentifier>{67DA6AB6-F800-4c08-8B7A-83BB121AAD01}</UniqueIdentifier>
      <Extensions>rc;ico;cur;bmp;dlg;rc2;rct;bin;rgs;gif;jpg;jpeg;jpe;resx;tiff;tif;png;wav;mfcribbon-ms</Extensions>
    </Filter>
    <Filter Include="Header Files\BLL">
      <UniqueIdentifier>{8413d006-331c-4eca-95f7-18648d501176}</UniqueIdentifier>
    </Filter>
    <Filter Include="Header Files\DAL">
      <UniqueIdentifier>{3f0e0d15-4c01-40c2-8bcd-07c3c6f5e019}</UniqueIdentifier>
    </Filter>
    <Filter Include="Source Files\BLL">
      <UniqueIdentifier>{10777681-941c-42b9-b225-b87b4e35971d}</UniqueIdentifier>
    </Filter>
    <Filter Include="Source Files\DAL">
      <UniqueIdentifier>{9761dff2-0b64-4615-a860-b610634c0c27}</UniqueIdentifier>
    </Filter>
    <Filter Include="Source Files\Interface">
      <UniqueIdentifier>{f0a83d3b-9c57-4d18-99cc-7b0111237b9a}</UniqueIdentifier>
    </Filter>
    <Filter Include="Header Files\Interface">
      <UniqueIdentifier>{4e53c124-9bbe-40f8-8bb1-d8329b013d11}</UniqueIdentifier>
    </Filter>
    <Filter Include="Source Files\Misc">
      <UniqueIdentifier>{8ba5f1d7-671c-4fcc-adb1-649f18f9f31e}</UniqueIdentifier>
    </Filter>
    <Filter Include="Header Files\Misc">
      <UniqueIdentifier>{adc4cc30-192d-4c57-87d1-9d92e120defc}</UniqueIdentifier>
    </Filter>
  </ItemGroup>
  <ItemGroup>
    <ClCompile Include="CApp.c">
      <Filter>Source Files</Filter>
    </ClCompile>
    <ClCompile Include="Devices.c">
      <Filter>Source Files\Interface</Filter>
    </ClCompile>
    <ClCompile Include="Price.c">
      <Filter>Source Files\Interface</Filter>
    </ClCompile>
    <ClCompile Include="Register.c">
      <Filter>Source Files\BLL</Filter>
    </ClCompile>
    <ClCompile Include="stdinHelper.c">
      <Filter>Source Files\Misc</Filter>
    </ClCompile>
    <ClCompile Include="TextStrings.c">
      <Filter>Source Files\Misc</Filter>
    </ClCompile>
    <ClCompile Include="ReturnErrors.c">
      <Filter>Source Files\Misc</Filter>
    </ClCompile>
    <ClCompile Include="Existing.c">
      <Filter>Source Files\BLL</Filter>
    </ClCompile>
    <ClCompile Include="SaveToFile.c">
      <Filter>Source Files\DAL</Filter>
    </ClCompile>
    <ClCompile Include="LoadFile.c">
      <Filter>Source Files\DAL</Filter>
    </ClCompile>
  </ItemGroup>
  <ItemGroup>
    <ClInclude Include="Price.h">
      <Filter>Header Files\Interface</Filter>
    </ClInclude>
    <ClInclude Include="Devices.h">
      <Filter>Header Files\Interface</Filter>
    </ClInclude>
    <ClInclude Include="Register.h">
      <Filter>Header Files\BLL</Filter>
    </ClInclude>
    <ClInclude Include="stdinHelper.h">
      <Filter>Header Files\Misc</Filter>
    </ClInclude>
    <ClInclude Include="ReturnErrors.h">
      <Filter>Header Files\Misc</Filter>
    </ClInclude>
    <ClInclude Include="TextStrings.h">
      <Filter>Header Files\Misc</Filter>
    </ClInclude>
    <ClInclude Include="Existing.h">
      <Filter>Header Files\BLL</Filter>
    </ClInclude>
    <ClInclude Include="SaveToFile.h">
      <Filter>Header Files\DAL</Filter>
    </ClInclude>
    <ClInclude Include="LoadFile.h">
      <Filter>Header Files\DAL</Filter>
    </ClInclude>
  </ItemGroup>
</Project>